// !$*UTF8*$!
{
	archiveVersion = 1;
	classes = {
	};
	objectVersion = 50;
	objects = {

/* Begin PBXBuildFile section */
		D47018B12385B208004791CA /* AppDelegate.swift in Sources */ = {isa = PBXBuildFile; fileRef = D47018B02385B208004791CA /* AppDelegate.swift */; };
		D47018B32385B208004791CA /* SceneDelegate.swift in Sources */ = {isa = PBXBuildFile; fileRef = D47018B22385B208004791CA /* SceneDelegate.swift */; };
		D47018B52385B208004791CA /* FaceViewController.swift in Sources */ = {isa = PBXBuildFile; fileRef = D47018B42385B208004791CA /* FaceViewController.swift */; };
		D47018B82385B208004791CA /* Main.storyboard in Resources */ = {isa = PBXBuildFile; fileRef = D47018B62385B208004791CA /* Main.storyboard */; };
		D47018BA2385B20D004791CA /* Assets.xcassets in Resources */ = {isa = PBXBuildFile; fileRef = D47018B92385B20D004791CA /* Assets.xcassets */; };
		D47018BD2385B20D004791CA /* LaunchScreen.storyboard in Resources */ = {isa = PBXBuildFile; fileRef = D47018BB2385B20D004791CA /* LaunchScreen.storyboard */; };
		D47018C62385B286004791CA /* FaceView.swift in Sources */ = {isa = PBXBuildFile; fileRef = D47018C52385B286004791CA /* FaceView.swift */; };
		D47018C823898185004791CA /* FacialExpression.swift in Sources */ = {isa = PBXBuildFile; fileRef = D47018C723898185004791CA /* FacialExpression.swift */; };
		D47018CC238AFD43004791CA /* EmotionsViewContorllerViewController.swift in Sources */ = {isa = PBXBuildFile; fileRef = D47018CB238AFD43004791CA /* EmotionsViewContorllerViewController.swift */; };
		D47018CE238B1115004791CA /* VCLLoggingViewController.swift in Sources */ = {isa = PBXBuildFile; fileRef = D47018CD238B1115004791CA /* VCLLoggingViewController.swift */; };
/* End PBXBuildFile section */

/* Begin PBXFileReference section */
		D47018AD2385B208004791CA /* Faceit.app */ = {isa = PBXFileReference; explicitFileType = wrapper.application; includeInIndex = 0; path = Faceit.app; sourceTree = BUILT_PRODUCTS_DIR; };
		D47018B02385B208004791CA /* AppDelegate.swift */ = {isa = PBXFileReference; lastKnownFileType = sourcecode.swift; path = AppDelegate.swift; sourceTree = "<group>"; };
		D47018B22385B208004791CA /* SceneDelegate.swift */ = {isa = PBXFileReference; lastKnownFileType = sourcecode.swift; path = SceneDelegate.swift; sourceTree = "<group>"; };
		D47018B42385B208004791CA /* FaceViewController.swift */ = {isa = PBXFileReference; lastKnownFileType = sourcecode.swift; path = FaceViewController.swift; sourceTree = "<group>"; };
		D47018B72385B208004791CA /* Base */ = {isa = PBXFileReference; lastKnownFileType = file.storyboard; name = Base; path = Base.lproj/Main.storyboard; sourceTree = "<group>"; };
		D47018B92385B20D004791CA /* Assets.xcassets */ = {isa = PBXFileReference; lastKnownFileType = folder.assetcatalog; path = Assets.xcassets; sourceTree = "<group>"; };
		D47018BC2385B20D004791CA /* Base */ = {isa = PBXFileReference; lastKnownFileType = file.storyboard; name = Base; path = Base.lproj/LaunchScreen.storyboard; sourceTree = "<group>"; };
		D47018BE2385B20D004791CA /* Info.plist */ = {isa = PBXFileReference; lastKnownFileType = text.plist.xml; path = Info.plist; sourceTree = "<group>"; };
		D47018C52385B286004791CA /* FaceView.swift */ = {isa = PBXFileReference; lastKnownFileType = sourcecode.swift; path = FaceView.swift; sourceTree = "<group>"; };
		D47018C723898185004791CA /* FacialExpression.swift */ = {isa = PBXFileReference; fileEncoding = 4; lastKnownFileType = sourcecode.swift; name = FacialExpression.swift; path = "L5 FaceIt/FaceIt/FacialExpression.swift"; sourceTree = SOURCE_ROOT; };
		D47018CB238AFD43004791CA /* EmotionsViewContorllerViewController.swift */ = {isa = PBXFileReference; lastKnownFileType = sourcecode.swift; path = EmotionsViewContorllerViewController.swift; sourceTree = SOURCE_ROOT; };
		D47018CD238B1115004791CA /* VCLLoggingViewController.swift */ = {isa = PBXFileReference; fileEncoding = 4; lastKnownFileType = sourcecode.swift; name = VCLLoggingViewController.swift; path = "L6 FaceIt/FaceIt/VCLLoggingViewController.swift"; sourceTree = SOURCE_ROOT; };
/* End PBXFileReference section */

/* Begin PBXFrameworksBuildPhase section */
		D47018AA2385B208004791CA /* Frameworks */ = {
			isa = PBXFrameworksBuildPhase;
			buildActionMask = 2147483647;
			files = (
			);
			runOnlyForDeploymentPostprocessing = 0;
		};
/* End PBXFrameworksBuildPhase section */

/* Begin PBXGroup section */
		D47018A42385B208004791CA = {
			isa = PBXGroup;
			children = (
				D47018AF2385B208004791CA /* Faceit */,
				D47018AE2385B208004791CA /* Products */,
			);
			sourceTree = "<group>";
		};
		D47018AE2385B208004791CA /* Products */ = {
			isa = PBXGroup;
			children = (
				D47018AD2385B208004791CA /* Faceit.app */,
			);
			name = Products;
			sourceTree = "<group>";
		};
		D47018AF2385B208004791CA /* Faceit */ = {
			isa = PBXGroup;
			children = (
				D47018CB238AFD43004791CA /* EmotionsViewContorllerViewController.swift */,
				D47018CD238B1115004791CA /* VCLLoggingViewController.swift */,
				D47018B62385B208004791CA /* Main.storyboard */,
				D47018C52385B286004791CA /* FaceView.swift */,
				D47018B42385B208004791CA /* FaceViewController.swift */,
				D47018C723898185004791CA /* FacialExpression.swift */,
				D47018B02385B208004791CA /* AppDelegate.swift */,
				D47018B92385B20D004791CA /* Assets.xcassets */,
				D47018BB2385B20D004791CA /* LaunchScreen.storyboard */,
				D47018BE2385B20D004791CA /* Info.plist */,
				D47018B22385B208004791CA /* SceneDelegate.swift */,
			);
			path = Faceit;
			sourceTree = "<group>";
		};
/* End PBXGroup section */

/* Begin PBXNativeTarget section */
		D47018AC2385B208004791CA /* Faceit */ = {
			isa = PBXNativeTarget;
			buildConfigurationList = D47018C12385B20D004791CA /* Build configuration list for PBXNativeTarget "Faceit" */;
			buildPhases = (
				D47018A92385B208004791CA /* Sources */,
				D47018AA2385B208004791CA /* Frameworks */,
				D47018AB2385B208004791CA /* Resources */,
			);
			buildRules = (
			);
			dependencies = (
			);
			name = Faceit;
			productName = Faceit;
			productReference = D47018AD2385B208004791CA /* Faceit.app */;
			productType = "com.apple.product-type.application";
		};
/* End PBXNativeTarget section */

/* Begin PBXProject section */
		D47018A52385B208004791CA /* Project object */ = {
			isa = PBXProject;
			attributes = {
				LastSwiftUpdateCheck = 1120;
				LastUpgradeCheck = 1120;
				ORGANIZATIONNAME = "Maksym Bachynskyi";
				TargetAttributes = {
					D47018AC2385B208004791CA = {
						CreatedOnToolsVersion = 11.2;
					};
				};
			};
			buildConfigurationList = D47018A82385B208004791CA /* Build configuration list for PBXProject "Faceit" */;
			compatibilityVersion = "Xcode 9.3";
			developmentRegion = en;
			hasScannedForEncodings = 0;
			knownRegions = (
				en,
				Base,
			);
			mainGroup = D47018A42385B208004791CA;
			productRefGroup = D47018AE2385B208004791CA /* Products */;
			projectDirPath = "";
			projectRoot = "";
			targets = (
				D47018AC2385B208004791CA /* Faceit */,
			);
		};
/* End PBXProject section */

/* Begin PBXResourcesBuildPhase section */
		D47018AB2385B208004791CA /* Resources */ = {
			isa = PBXResourcesBuildPhase;
			buildActionMask = 2147483647;
			files = (
				D47018BD2385B20D004791CA /* LaunchScreen.storyboard in Resources */,
				D47018BA2385B20D004791CA /* Assets.xcassets in Resources */,
				D47018B82385B208004791CA /* Main.storyboard in Resources */,
			);
			runOnlyForDeploymentPostprocessing = 0;
		};
/* End PBXResourcesBuildPhase section */

/* Begin PBXSourcesBuildPhase section */
		D47018A92385B208004791CA /* Sources */ = {
			isa = PBXSourcesBuildPhase;
			buildActionMask = 2147483647;
			files = (
				D47018CE238B1115004791CA /* VCLLoggingViewController.swift in Sources */,
				D47018B52385B208004791CA /* FaceViewController.swift in Sources */,
				D47018B12385B208004791CA /* AppDelegate.swift in Sources */,
				D47018C823898185004791CA /* FacialExpression.swift in Sources */,
				D47018CC238AFD43004791CA /* EmotionsViewContorllerViewController.swift in Sources */,
				D47018B32385B208004791CA /* SceneDelegate.swift in Sources */,
				D47018C62385B286004791CA /* FaceView.swift in Sources */,
			);
			runOnlyForDeploymentPostprocessing = 0;
		};
/* End PBXSourcesBuildPhase section */

/* Begin PBXVariantGroup section */
		D47018B62385B208004791CA /* Main.storyboard */ = {
			isa = PBXVariantGroup;
			children = (
				D47018B72385B208004791CA /* Base */,
			);
			name = Main.storyboard;
			sourceTree = "<group>";
		};
		D47018BB2385B20D004791CA /* LaunchScreen.storyboard */ = {
			isa = PBXVariantGroup;
			children = (
				D47018BC2385B20D004791CA /* Base */,
			);
			name = LaunchScreen.storyboard;
			sourceTree = "<group>";
		};
/* End PBXVariantGroup section */

/* Begin XCBuildConfiguration section */
		D47018BF2385B20D004791CA /* Debug */ = {
			isa = XCBuildConfiguration;
			buildSettings = {
				ALWAYS_SEARCH_USER_PATHS = NO;
				CLANG_ANALYZER_NONNULL = YES;
				CLANG_ANALYZER_NUMBER_OBJECT_CONVERSION = YES_AGGRESSIVE;
				CLANG_CXX_LANGUAGE_STANDARD = "gnu++14";
				CLANG_CXX_LIBRARY = "libc++";
				CLANG_ENABLE_MODULES = YES;
				CLANG_ENABLE_OBJC_ARC = YES;
				CLANG_ENABLE_OBJC_WEAK = YES;
				CLANG_WARN_BLOCK_CAPTURE_AUTORELEASING = YES;
				CLANG_WARN_BOOL_CONVERSION = YES;
				CLANG_WARN_COMMA = YES;
				CLANG_WARN_CONSTANT_CONVERSION = YES;
				CLANG_WARN_DEPRECATED_OBJC_IMPLEMENTATIONS = YES;
				CLANG_WARN_DIRECT_OBJC_ISA_USAGE = YES_ERROR;
				CLANG_WARN_DOCUMENTATION_COMMENTS = YES;
				CLANG_WARN_EMPTY_BODY = YES;
				CLANG_WARN_ENUM_CONVERSION = YES;
				CLANG_WARN_INFINITE_RECURSION = YES;
				CLANG_WARN_INT_CONVERSION = YES;
				CLANG_WARN_NON_LITERAL_NULL_CONVERSION = YES;
				CLANG_WARN_OBJC_IMPLICIT_RETAIN_SELF = YES;
				CLANG_WARN_OBJC_LITERAL_CONVERSION = YES;
				CLANG_WARN_OBJC_ROOT_CLASS = YES_ERROR;
				CLANG_WARN_RANGE_LOOP_ANALYSIS = YES;
				CLANG_WARN_STRICT_PROTOTYPES = YES;
				CLANG_WARN_SUSPICIOUS_MOVE = YES;
				CLANG_WARN_UNGUARDED_AVAILABILITY = YES_AGGRESSIVE;
				CLANG_WARN_UNREACHABLE_CODE = YES;
				CLANG_WARN__DUPLICATE_METHOD_MATCH = YES;
				COPY_PHASE_STRIP = NO;
				DEBUG_INFORMATION_FORMAT = dwarf;
				ENABLE_STRICT_OBJC_MSGSEND = YES;
				ENABLE_TESTABILITY = YES;
				GCC_C_LANGUAGE_STANDARD = gnu11;
				GCC_DYNAMIC_NO_PIC = NO;
				GCC_NO_COMMON_BLOCKS = YES;
				GCC_OPTIMIZATION_LEVEL = 0;
				GCC_PREPROCESSOR_DEFINITIONS = (
					"DEBUG=1",
					"$(inherited)",
				);
				GCC_WARN_64_TO_32_BIT_CONVERSION = YES;
				GCC_WARN_ABOUT_RETURN_TYPE = YES_ERROR;
				GCC_WARN_UNDECLARED_SELECTOR = YES;
				GCC_WARN_UNINITIALIZED_AUTOS = YES_AGGRESSIVE;
				GCC_WARN_UNUSED_FUNCTION = YES;
				GCC_WARN_UNUSED_VARIABLE = YES;
				IPHONEOS_DEPLOYMENT_TARGET = 13.2;
				MTL_ENABLE_DEBUG_INFO = INCLUDE_SOURCE;
				MTL_FAST_MATH = YES;
				ONLY_ACTIVE_ARCH = YES;
				SDKROOT = iphoneos;
				SWIFT_ACTIVE_COMPILATION_CONDITIONS = DEBUG;
				SWIFT_OPTIMIZATION_LEVEL = "-Onone";
			};
			name = Debug;
		};
		D47018C02385B20D004791CA /* Release */ = {
			isa = XCBuildConfiguration;
			buildSettings = {
				ALWAYS_SEARCH_USER_PATHS = NO;
				CLANG_ANALYZER_NONNULL = YES;
				CLANG_ANALYZER_NUMBER_OBJECT_CONVERSION = YES_AGGRESSIVE;
				CLANG_CXX_LANGUAGE_STANDARD = "gnu++14";
				CLANG_CXX_LIBRARY = "libc++";
				CLANG_ENABLE_MODULES = YES;
				CLANG_ENABLE_OBJC_ARC = YES;
				CLANG_ENABLE_OBJC_WEAK = YES;
				CLANG_WARN_BLOCK_CAPTURE_AUTORELEASING = YES;
				CLANG_WARN_BOOL_CONVERSION = YES;
				CLANG_WARN_COMMA = YES;
				CLANG_WARN_CONSTANT_CONVERSION = YES;
				CLANG_WARN_DEPRECATED_OBJC_IMPLEMENTATIONS = YES;
				CLANG_WARN_DIRECT_OBJC_ISA_USAGE = YES_ERROR;
				CLANG_WARN_DOCUMENTATION_COMMENTS = YES;
				CLANG_WARN_EMPTY_BODY = YES;
				CLANG_WARN_ENUM_CONVERSION = YES;
				CLANG_WARN_INFINITE_RECURSION = YES;
				CLANG_WARN_INT_CONVERSION = YES;
				CLANG_WARN_NON_LITERAL_NULL_CONVERSION = YES;
				CLANG_WARN_OBJC_IMPLICIT_RETAIN_SELF = YES;
				CLANG_WARN_OBJC_LITERAL_CONVERSION = YES;
				CLANG_WARN_OBJC_ROOT_CLASS = YES_ERROR;
				CLANG_WARN_RANGE_LOOP_ANALYSIS = YES;
				CLANG_WARN_STRICT_PROTOTYPES = YES;
				CLANG_WARN_SUSPICIOUS_MOVE = YES;
				CLANG_WARN_UNGUARDED_AVAILABILITY = YES_AGGRESSIVE;
				CLANG_WARN_UNREACHABLE_CODE = YES;
				CLANG_WARN__DUPLICATE_METHOD_MATCH = YES;
				COPY_PHASE_STRIP = NO;
				DEBUG_INFORMATION_FORMAT = "dwarf-with-dsym";
				ENABLE_NS_ASSERTIONS = NO;
				ENABLE_STRICT_OBJC_MSGSEND = YES;
				GCC_C_LANGUAGE_STANDARD = gnu11;
				GCC_NO_COMMON_BLOCKS = YES;
				GCC_WARN_64_TO_32_BIT_CONVERSION = YES;
				GCC_WARN_ABOUT_RETURN_TYPE = YES_ERROR;
				GCC_WARN_UNDECLARED_SELECTOR = YES;
				GCC_WARN_UNINITIALIZED_AUTOS = YES_AGGRESSIVE;
				GCC_WARN_UNUSED_FUNCTION = YES;
				GCC_WARN_UNUSED_VARIABLE = YES;
				IPHONEOS_DEPLOYMENT_TARGET = 13.2;
				MTL_ENABLE_DEBUG_INFO = NO;
				MTL_FAST_MATH = YES;
				SDKROOT = iphoneos;
				SWIFT_COMPILATION_MODE = wholemodule;
				SWIFT_OPTIMIZATION_LEVEL = "-O";
				VALIDATE_PRODUCT = YES;
			};
			name = Release;
		};
		D47018C22385B20D004791CA /* Debug */ = {
			isa = XCBuildConfiguration;
			buildSettings = {
				ASSETCATALOG_COMPILER_APPICON_NAME = AppIcon;
				CODE_SIGN_STYLE = Automatic;
				INFOPLIST_FILE = Faceit/Info.plist;
				LD_RUNPATH_SEARCH_PATHS = (
					"$(inherited)",
					"@executable_path/Frameworks",
				);
				PRODUCT_BUNDLE_IDENTIFIER = test1.Faceit;
				PRODUCT_NAME = "$(TARGET_NAME)";
				SWIFT_VERSION = 5.0;
				TARGETED_DEVICE_FAMILY = "1,2";
			};
			name = Debug;
		};
		D47018C32385B20D004791CA /* Release */ = {
			isa = XCBuildConfiguration;
			buildSettings = {
				ASSETCATALOG_COMPILER_APPICON_NAME = AppIcon;
				CODE_SIGN_STYLE = Automatic;
				INFOPLIST_FILE = Faceit/Info.plist;
				LD_RUNPATH_SEARCH_PATHS = (
					"$(inherited)",
					"@executable_path/Frameworks",
				);
				PRODUCT_BUNDLE_IDENTIFIER = test1.Faceit;
				PRODUCT_NAME = "$(TARGET_NAME)";
				SWIFT_VERSION = 5.0;
				TARGETED_DEVICE_FAMILY = "1,2";
			};
			name = Release;
		};
/* End XCBuildConfiguration section */

/* Begin XCConfigurationList section */
		D47018A82385B208004791CA /* Build configuration list for PBXProject "Faceit" */ = {
			isa = XCConfigurationList;
			buildConfigurations = (
				D47018BF2385B20D004791CA /* Debug */,
				D47018C02385B20D004791CA /* Release */,
			);
			defaultConfigurationIsVisible = 0;
			defaultConfigurationName = Release;
		};
		D47018C12385B20D004791CA /* Build configuration list for PBXNativeTarget "Faceit" */ = {
			isa = XCConfigurationList;
			buildConfigurations = (
				D47018C22385B20D004791CA /* Debug */,
				D47018C32385B20D004791CA /* Release */,
			);
			defaultConfigurationIsVisible = 0;
			defaultConfigurationName = Release;
		};
/* End XCConfigurationList section */
	};
	rootObject = D47018A52385B208004791CA /* Project object */;
}
