// !$*UTF8*$!
{
	archiveVersion = 1;
	classes = {
	};
	objectVersion = 50;
	objects = {

/* Begin PBXBuildFile section */
		F4BCA79B239163FE0097E98F /* Twitter.framework in Frameworks */ = {isa = PBXBuildFile; fileRef = F4CCA85B23915BBF00C95301 /* Twitter.framework */; };
		F4BCA79C239163FE0097E98F /* Twitter.framework in Embed Frameworks */ = {isa = PBXBuildFile; fileRef = F4CCA85B23915BBF00C95301 /* Twitter.framework */; settings = {ATTRIBUTES = (CodeSignOnCopy, RemoveHeadersOnCopy, ); }; };
		F4E494342390022400C0CC9C /* AppDelegate.swift in Sources */ = {isa = PBXBuildFile; fileRef = F4E494332390022400C0CC9C /* AppDelegate.swift */; };
		F4E494362390022400C0CC9C /* SceneDelegate.swift in Sources */ = {isa = PBXBuildFile; fileRef = F4E494352390022400C0CC9C /* SceneDelegate.swift */; };
		F4E4943B2390022400C0CC9C /* Main.storyboard in Resources */ = {isa = PBXBuildFile; fileRef = F4E494392390022400C0CC9C /* Main.storyboard */; };
		F4E4943D2390022500C0CC9C /* Assets.xcassets in Resources */ = {isa = PBXBuildFile; fileRef = F4E4943C2390022500C0CC9C /* Assets.xcassets */; };
		F4E494402390022500C0CC9C /* LaunchScreen.storyboard in Resources */ = {isa = PBXBuildFile; fileRef = F4E4943E2390022500C0CC9C /* LaunchScreen.storyboard */; };
		F4E494482390056D00C0CC9C /* TweetTableViewController.swift in Sources */ = {isa = PBXBuildFile; fileRef = F4E494472390056D00C0CC9C /* TweetTableViewController.swift */; };
/* End PBXBuildFile section */

/* Begin PBXContainerItemProxy section */
		F4CCA85A23915BBF00C95301 /* PBXContainerItemProxy */ = {
			isa = PBXContainerItemProxy;
			containerPortal = F4CCA85623915BBF00C95301 /* Twitter.xcodeproj */;
			proxyType = 2;
			remoteGlobalIDString = DA1365711E4F8BE000F66D3D;
			remoteInfo = Twitter;
		};
/* End PBXContainerItemProxy section */

/* Begin PBXCopyFilesBuildPhase section */
		F4BCA79D239163FE0097E98F /* Embed Frameworks */ = {
			isa = PBXCopyFilesBuildPhase;
			buildActionMask = 2147483647;
			dstPath = "";
			dstSubfolderSpec = 10;
			files = (
				F4BCA79C239163FE0097E98F /* Twitter.framework in Embed Frameworks */,
			);
			name = "Embed Frameworks";
			runOnlyForDeploymentPostprocessing = 0;
		};
/* End PBXCopyFilesBuildPhase section */

/* Begin PBXFileReference section */
		F4CCA85623915BBF00C95301 /* Twitter.xcodeproj */ = {isa = PBXFileReference; lastKnownFileType = "wrapper.pb-project"; name = Twitter.xcodeproj; path = ../Twitter/Twitter.xcodeproj; sourceTree = "<group>"; };
		F4E494302390022400C0CC9C /* smash.app */ = {isa = PBXFileReference; explicitFileType = wrapper.application; includeInIndex = 0; path = smash.app; sourceTree = BUILT_PRODUCTS_DIR; };
		F4E494332390022400C0CC9C /* AppDelegate.swift */ = {isa = PBXFileReference; lastKnownFileType = sourcecode.swift; path = AppDelegate.swift; sourceTree = "<group>"; };
		F4E494352390022400C0CC9C /* SceneDelegate.swift */ = {isa = PBXFileReference; lastKnownFileType = sourcecode.swift; path = SceneDelegate.swift; sourceTree = "<group>"; };
		F4E4943A2390022400C0CC9C /* Base */ = {isa = PBXFileReference; lastKnownFileType = file.storyboard; name = Base; path = Base.lproj/Main.storyboard; sourceTree = "<group>"; };
		F4E4943C2390022500C0CC9C /* Assets.xcassets */ = {isa = PBXFileReference; lastKnownFileType = folder.assetcatalog; path = Assets.xcassets; sourceTree = "<group>"; };
		F4E4943F2390022500C0CC9C /* Base */ = {isa = PBXFileReference; lastKnownFileType = file.storyboard; name = Base; path = Base.lproj/LaunchScreen.storyboard; sourceTree = "<group>"; };
		F4E494412390022500C0CC9C /* Info.plist */ = {isa = PBXFileReference; lastKnownFileType = text.plist.xml; path = Info.plist; sourceTree = "<group>"; };
		F4E494472390056D00C0CC9C /* TweetTableViewController.swift */ = {isa = PBXFileReference; lastKnownFileType = sourcecode.swift; path = TweetTableViewController.swift; sourceTree = "<group>"; };
/* End PBXFileReference section */

/* Begin PBXFrameworksBuildPhase section */
		F4E4942D2390022400C0CC9C /* Frameworks */ = {
			isa = PBXFrameworksBuildPhase;
			buildActionMask = 2147483647;
			files = (
				F4BCA79B239163FE0097E98F /* Twitter.framework in Frameworks */,
			);
			runOnlyForDeploymentPostprocessing = 0;
		};
/* End PBXFrameworksBuildPhase section */

/* Begin PBXGroup section */
		F4CCA85523915BBF00C95301 /* Frameworks */ = {
			isa = PBXGroup;
			children = (
				F4CCA85623915BBF00C95301 /* Twitter.xcodeproj */,
			);
			name = Frameworks;
			sourceTree = "<group>";
		};
		F4CCA85723915BBF00C95301 /* Products */ = {
			isa = PBXGroup;
			children = (
				F4CCA85B23915BBF00C95301 /* Twitter.framework */,
			);
			name = Products;
			sourceTree = "<group>";
		};
		F4E494272390022400C0CC9C = {
			isa = PBXGroup;
			children = (
				F4E494322390022400C0CC9C /* smash */,
				F4E494312390022400C0CC9C /* Products */,
				F4CCA85523915BBF00C95301 /* Frameworks */,
			);
			sourceTree = "<group>";
		};
		F4E494312390022400C0CC9C /* Products */ = {
			isa = PBXGroup;
			children = (
				F4E494302390022400C0CC9C /* smash.app */,
			);
			name = Products;
			sourceTree = "<group>";
		};
		F4E494322390022400C0CC9C /* smash */ = {
			isa = PBXGroup;
			children = (
				F4E494392390022400C0CC9C /* Main.storyboard */,
				F4E494472390056D00C0CC9C /* TweetTableViewController.swift */,
				F4E494332390022400C0CC9C /* AppDelegate.swift */,
				F4E494352390022400C0CC9C /* SceneDelegate.swift */,
				F4E4943C2390022500C0CC9C /* Assets.xcassets */,
				F4E4943E2390022500C0CC9C /* LaunchScreen.storyboard */,
				F4E494412390022500C0CC9C /* Info.plist */,
			);
			path = smash;
			sourceTree = "<group>";
		};
/* End PBXGroup section */

/* Begin PBXNativeTarget section */
		F4E4942F2390022400C0CC9C /* smash */ = {
			isa = PBXNativeTarget;
			buildConfigurationList = F4E494442390022500C0CC9C /* Build configuration list for PBXNativeTarget "smash" */;
			buildPhases = (
				F4E4942C2390022400C0CC9C /* Sources */,
				F4E4942D2390022400C0CC9C /* Frameworks */,
				F4E4942E2390022400C0CC9C /* Resources */,
				F4BCA79D239163FE0097E98F /* Embed Frameworks */,
			);
			buildRules = (
			);
			dependencies = (
			);
			name = smash;
			productName = smash;
			productReference = F4E494302390022400C0CC9C /* smash.app */;
			productType = "com.apple.product-type.application";
		};
/* End PBXNativeTarget section */

/* Begin PBXProject section */
		F4E494282390022400C0CC9C /* Project object */ = {
			isa = PBXProject;
			attributes = {
				LastSwiftUpdateCheck = 1120;
				LastUpgradeCheck = 1120;
				ORGANIZATIONNAME = "Maksym Bachynskyi";
				TargetAttributes = {
					F4E4942F2390022400C0CC9C = {
						CreatedOnToolsVersion = 11.2.1;
					};
				};
			};
			buildConfigurationList = F4E4942B2390022400C0CC9C /* Build configuration list for PBXProject "smash" */;
			compatibilityVersion = "Xcode 9.3";
			developmentRegion = en;
			hasScannedForEncodings = 0;
			knownRegions = (
				en,
				Base,
			);
			mainGroup = F4E494272390022400C0CC9C;
			productRefGroup = F4E494312390022400C0CC9C /* Products */;
			projectDirPath = "";
			projectReferences = (
				{
					ProductGroup = F4CCA85723915BBF00C95301 /* Products */;
					ProjectRef = F4CCA85623915BBF00C95301 /* Twitter.xcodeproj */;
				},
			);
			projectRoot = "";
			targets = (
				F4E4942F2390022400C0CC9C /* smash */,
			);
		};
/* End PBXProject section */

/* Begin PBXReferenceProxy section */
		F4CCA85B23915BBF00C95301 /* Twitter.framework */ = {
			isa = PBXReferenceProxy;
			fileType = wrapper.framework;
			path = Twitter.framework;
			remoteRef = F4CCA85A23915BBF00C95301 /* PBXContainerItemProxy */;
			sourceTree = BUILT_PRODUCTS_DIR;
		};
/* End PBXReferenceProxy section */

/* Begin PBXResourcesBuildPhase section */
		F4E4942E2390022400C0CC9C /* Resources */ = {
			isa = PBXResourcesBuildPhase;
			buildActionMask = 2147483647;
			files = (
				F4E494402390022500C0CC9C /* LaunchScreen.storyboard in Resources */,
				F4E4943D2390022500C0CC9C /* Assets.xcassets in Resources */,
				F4E4943B2390022400C0CC9C /* Main.storyboard in Resources */,
			);
			runOnlyForDeploymentPostprocessing = 0;
		};
/* End PBXResourcesBuildPhase section */

/* Begin PBXSourcesBuildPhase section */
		F4E4942C2390022400C0CC9C /* Sources */ = {
			isa = PBXSourcesBuildPhase;
			buildActionMask = 2147483647;
			files = (
				F4E494342390022400C0CC9C /* AppDelegate.swift in Sources */,
				F4E494362390022400C0CC9C /* SceneDelegate.swift in Sources */,
				F4E494482390056D00C0CC9C /* TweetTableViewController.swift in Sources */,
			);
			runOnlyForDeploymentPostprocessing = 0;
		};
/* End PBXSourcesBuildPhase section */

/* Begin PBXVariantGroup section */
		F4E494392390022400C0CC9C /* Main.storyboard */ = {
			isa = PBXVariantGroup;
			children = (
				F4E4943A2390022400C0CC9C /* Base */,
			);
			name = Main.storyboard;
			sourceTree = "<group>";
		};
		F4E4943E2390022500C0CC9C /* LaunchScreen.storyboard */ = {
			isa = PBXVariantGroup;
			children = (
				F4E4943F2390022500C0CC9C /* Base */,
			);
			name = LaunchScreen.storyboard;
			sourceTree = "<group>";
		};
/* End PBXVariantGroup section */

/* Begin XCBuildConfiguration section */
		F4E494422390022500C0CC9C /* Debug */ = {
			isa = XCBuildConfiguration;
			buildSettings = {
				ALWAYS_SEARCH_USER_PATHS = NO;
				CLANG_ANALYZER_NONNULL = YES;
				CLANG_ANALYZER_NUMBER_OBJECT_CONVERSION = YES_AGGRESSIVE;
				CLANG_CXX_LANGUAGE_STANDARD = "gnu++14";
				CLANG_CXX_LIBRARY = "libc++";
				CLANG_ENABLE_MODULES = YES;
				CLANG_ENABLE_OBJC_ARC = YES;
				CLANG_ENABLE_OBJC_WEAK = YES;
				CLANG_WARN_BLOCK_CAPTURE_AUTORELEASING = YES;
				CLANG_WARN_BOOL_CONVERSION = YES;
				CLANG_WARN_COMMA = YES;
				CLANG_WARN_CONSTANT_CONVERSION = YES;
				CLANG_WARN_DEPRECATED_OBJC_IMPLEMENTATIONS = YES;
				CLANG_WARN_DIRECT_OBJC_ISA_USAGE = YES_ERROR;
				CLANG_WARN_DOCUMENTATION_COMMENTS = YES;
				CLANG_WARN_EMPTY_BODY = YES;
				CLANG_WARN_ENUM_CONVERSION = YES;
				CLANG_WARN_INFINITE_RECURSION = YES;
				CLANG_WARN_INT_CONVERSION = YES;
				CLANG_WARN_NON_LITERAL_NULL_CONVERSION = YES;
				CLANG_WARN_OBJC_IMPLICIT_RETAIN_SELF = YES;
				CLANG_WARN_OBJC_LITERAL_CONVERSION = YES;
				CLANG_WARN_OBJC_ROOT_CLASS = YES_ERROR;
				CLANG_WARN_RANGE_LOOP_ANALYSIS = YES;
				CLANG_WARN_STRICT_PROTOTYPES = YES;
				CLANG_WARN_SUSPICIOUS_MOVE = YES;
				CLANG_WARN_UNGUARDED_AVAILABILITY = YES_AGGRESSIVE;
				CLANG_WARN_UNREACHABLE_CODE = YES;
				CLANG_WARN__DUPLICATE_METHOD_MATCH = YES;
				COPY_PHASE_STRIP = NO;
				DEBUG_INFORMATION_FORMAT = dwarf;
				ENABLE_STRICT_OBJC_MSGSEND = YES;
				ENABLE_TESTABILITY = YES;
				GCC_C_LANGUAGE_STANDARD = gnu11;
				GCC_DYNAMIC_NO_PIC = NO;
				GCC_NO_COMMON_BLOCKS = YES;
				GCC_OPTIMIZATION_LEVEL = 0;
				GCC_PREPROCESSOR_DEFINITIONS = (
					"DEBUG=1",
					"$(inherited)",
				);
				GCC_WARN_64_TO_32_BIT_CONVERSION = YES;
				GCC_WARN_ABOUT_RETURN_TYPE = YES_ERROR;
				GCC_WARN_UNDECLARED_SELECTOR = YES;
				GCC_WARN_UNINITIALIZED_AUTOS = YES_AGGRESSIVE;
				GCC_WARN_UNUSED_FUNCTION = YES;
				GCC_WARN_UNUSED_VARIABLE = YES;
				IPHONEOS_DEPLOYMENT_TARGET = 13.2;
				MTL_ENABLE_DEBUG_INFO = INCLUDE_SOURCE;
				MTL_FAST_MATH = YES;
				ONLY_ACTIVE_ARCH = YES;
				SDKROOT = iphoneos;
				SWIFT_ACTIVE_COMPILATION_CONDITIONS = DEBUG;
				SWIFT_OPTIMIZATION_LEVEL = "-Onone";
			};
			name = Debug;
		};
		F4E494432390022500C0CC9C /* Release */ = {
			isa = XCBuildConfiguration;
			buildSettings = {
				ALWAYS_SEARCH_USER_PATHS = NO;
				CLANG_ANALYZER_NONNULL = YES;
				CLANG_ANALYZER_NUMBER_OBJECT_CONVERSION = YES_AGGRESSIVE;
				CLANG_CXX_LANGUAGE_STANDARD = "gnu++14";
				CLANG_CXX_LIBRARY = "libc++";
				CLANG_ENABLE_MODULES = YES;
				CLANG_ENABLE_OBJC_ARC = YES;
				CLANG_ENABLE_OBJC_WEAK = YES;
				CLANG_WARN_BLOCK_CAPTURE_AUTORELEASING = YES;
				CLANG_WARN_BOOL_CONVERSION = YES;
				CLANG_WARN_COMMA = YES;
				CLANG_WARN_CONSTANT_CONVERSION = YES;
				CLANG_WARN_DEPRECATED_OBJC_IMPLEMENTATIONS = YES;
				CLANG_WARN_DIRECT_OBJC_ISA_USAGE = YES_ERROR;
				CLANG_WARN_DOCUMENTATION_COMMENTS = YES;
				CLANG_WARN_EMPTY_BODY = YES;
				CLANG_WARN_ENUM_CONVERSION = YES;
				CLANG_WARN_INFINITE_RECURSION = YES;
				CLANG_WARN_INT_CONVERSION = YES;
				CLANG_WARN_NON_LITERAL_NULL_CONVERSION = YES;
				CLANG_WARN_OBJC_IMPLICIT_RETAIN_SELF = YES;
				CLANG_WARN_OBJC_LITERAL_CONVERSION = YES;
				CLANG_WARN_OBJC_ROOT_CLASS = YES_ERROR;
				CLANG_WARN_RANGE_LOOP_ANALYSIS = YES;
				CLANG_WARN_STRICT_PROTOTYPES = YES;
				CLANG_WARN_SUSPICIOUS_MOVE = YES;
				CLANG_WARN_UNGUARDED_AVAILABILITY = YES_AGGRESSIVE;
				CLANG_WARN_UNREACHABLE_CODE = YES;
				CLANG_WARN__DUPLICATE_METHOD_MATCH = YES;
				COPY_PHASE_STRIP = NO;
				DEBUG_INFORMATION_FORMAT = "dwarf-with-dsym";
				ENABLE_NS_ASSERTIONS = NO;
				ENABLE_STRICT_OBJC_MSGSEND = YES;
				GCC_C_LANGUAGE_STANDARD = gnu11;
				GCC_NO_COMMON_BLOCKS = YES;
				GCC_WARN_64_TO_32_BIT_CONVERSION = YES;
				GCC_WARN_ABOUT_RETURN_TYPE = YES_ERROR;
				GCC_WARN_UNDECLARED_SELECTOR = YES;
				GCC_WARN_UNINITIALIZED_AUTOS = YES_AGGRESSIVE;
				GCC_WARN_UNUSED_FUNCTION = YES;
				GCC_WARN_UNUSED_VARIABLE = YES;
				IPHONEOS_DEPLOYMENT_TARGET = 13.2;
				MTL_ENABLE_DEBUG_INFO = NO;
				MTL_FAST_MATH = YES;
				SDKROOT = iphoneos;
				SWIFT_COMPILATION_MODE = wholemodule;
				SWIFT_OPTIMIZATION_LEVEL = "-O";
				VALIDATE_PRODUCT = YES;
			};
			name = Release;
		};
		F4E494452390022500C0CC9C /* Debug */ = {
			isa = XCBuildConfiguration;
			buildSettings = {
				ASSETCATALOG_COMPILER_APPICON_NAME = AppIcon;
				CODE_SIGN_STYLE = Automatic;
				INFOPLIST_FILE = smash/Info.plist;
				LD_RUNPATH_SEARCH_PATHS = (
					"$(inherited)",
					"@executable_path/Frameworks",
				);
				PRODUCT_BUNDLE_IDENTIFIER = test.smash;
				PRODUCT_NAME = "$(TARGET_NAME)";
				SWIFT_VERSION = 5.0;
				TARGETED_DEVICE_FAMILY = "1,2";
			};
			name = Debug;
		};
		F4E494462390022500C0CC9C /* Release */ = {
			isa = XCBuildConfiguration;
			buildSettings = {
				ASSETCATALOG_COMPILER_APPICON_NAME = AppIcon;
				CODE_SIGN_STYLE = Automatic;
				INFOPLIST_FILE = smash/Info.plist;
				LD_RUNPATH_SEARCH_PATHS = (
					"$(inherited)",
					"@executable_path/Frameworks",
				);
				PRODUCT_BUNDLE_IDENTIFIER = test.smash;
				PRODUCT_NAME = "$(TARGET_NAME)";
				SWIFT_VERSION = 5.0;
				TARGETED_DEVICE_FAMILY = "1,2";
			};
			name = Release;
		};
/* End XCBuildConfiguration section */

/* Begin XCConfigurationList section */
		F4E4942B2390022400C0CC9C /* Build configuration list for PBXProject "smash" */ = {
			isa = XCConfigurationList;
			buildConfigurations = (
				F4E494422390022500C0CC9C /* Debug */,
				F4E494432390022500C0CC9C /* Release */,
			);
			defaultConfigurationIsVisible = 0;
			defaultConfigurationName = Release;
		};
		F4E494442390022500C0CC9C /* Build configuration list for PBXNativeTarget "smash" */ = {
			isa = XCConfigurationList;
			buildConfigurations = (
				F4E494452390022500C0CC9C /* Debug */,
				F4E494462390022500C0CC9C /* Release */,
			);
			defaultConfigurationIsVisible = 0;
			defaultConfigurationName = Release;
		};
/* End XCConfigurationList section */
	};
	rootObject = F4E494282390022400C0CC9C /* Project object */;
}
